
Microsoft Visual Studio Solution File, Format Version 12.00
# Visual Studio 14
VisualStudioVersion = 14.0.25123.0
MinimumVisualStudioVersion = 10.0.40219.1
Project("{888888A0-9F3D-457C-B088-3A5042F75D52}") = "CarahCharts", "CarahCharts\CarahCharts.pyproj", "{2A0A6F59-EA09-40EA-81E3-5EEE7034D3C8}"
EndProject
Project("{888888A0-9F3D-457C-B088-3A5042F75D52}") = "DataApi", "DataApi\DataApi.pyproj", "{A1573862-0D6A-4723-88F4-D80B64F84402}"
EndProject
Global
	GlobalSection(SolutionConfigurationPlatforms) = preSolution
		Debug|Any CPU = Debug|Any CPU
		Release|Any CPU = Release|Any CPU
	EndGlobalSection
	GlobalSection(ProjectConfigurationPlatforms) = postSolution
		{2A0A6F59-EA09-40EA-81E3-5EEE7034D3C8}.Debug|Any CPU.ActiveCfg = Debug|Any CPU
		{2A0A6F59-EA09-40EA-81E3-5EEE7034D3C8}.Debug|Any CPU.Build.0 = Debug|Any CPU
		{2A0A6F59-EA09-40EA-81E3-5EEE7034D3C8}.Release|Any CPU.ActiveCfg = Release|Any CPU
		{2A0A6F59-EA09-40EA-81E3-5EEE7034D3C8}.Release|Any CPU.Build.0 = Release|Any CPU
		{A1573862-0D6A-4723-88F4-D80B64F84402}.Debug|Any CPU.ActiveCfg = Debug|Any CPU
		{A1573862-0D6A-4723-88F4-D80B64F84402}.Debug|Any CPU.Build.0 = Debug|Any CPU
		{A1573862-0D6A-4723-88F4-D80B64F84402}.Release|Any CPU.ActiveCfg = Release|Any CPU
		{A1573862-0D6A-4723-88F4-D80B64F84402}.Release|Any CPU.Build.0 = Release|Any CPU
	EndGlobalSection
	GlobalSection(SolutionProperties) = preSolution
		HideSolutionNode = FALSE
	EndGlobalSection
EndGlobal
